
Microsoft Visual Studio Solution File, Format Version 12.00
Project("{FAE04EC0-301F-11D3-BF4B-00C04F79EFBC}") = "AWSEncryptionSDKExamples", "Examples\AWSEncryptionSDKExamples.csproj", "{16DD20CF-A8E9-4D32-97F4-79ECD3B7D3DB}"
EndProject
Project("{FAE04EC0-301F-11D3-BF4B-00C04F79EFBC}") = "AWSEncryptionSDK", "Source\AWSEncryptionSDK.csproj", "{088B46E4-C97A-40E7-8605-95247C0E0917}"
EndProject
Project("{FAE04EC0-301F-11D3-BF4B-00C04F79EFBC}") = "AWSEncryptionSDKTests", "Test\AWSEncryptionSDKTests.csproj", "{E0A4AF29-B7B3-4A26-BF7C-7E28F6B03C86}"
EndProject
Project("{FAE04EC0-301F-11D3-BF4B-00C04F79EFBC}") = "AWSEncryptionSDKTestVectors", "TestVectors\AWSEncryptionSDKTestVectors.csproj", "{9E92E1B8-02DE-4536-8DB7-7D9033C7A587}"
EndProject
Project("{FAE04EC0-301F-11D3-BF4B-00C04F79EFBC}") = "AWSEncryptionSDKTestVectorGenerator", "TestVectorGenerator\AWSEncryptionSDKTestVectorGenerator.csproj", "{AD9393D4-4C1E-4A9C-A1E1-98E7D3C699A3}"
EndProject
Project("{FAE04EC0-301F-11D3-BF4B-00C04F79EFBC}") = "AWSEncryptionSDKTestVectorLib", "TestVectorLib\AWSEncryptionSDKTestVectorLib.csproj", "{0C49CEC5-6BB3-4268-ABDC-98D1917872F7}"
EndProject
Project("{FAE04EC0-301F-11D3-BF4B-00C04F79EFBC}") = "AWSEncryptionSDKBenchmarks", "Benchmarks\AWSEncryptionSDKBenchmarks.csproj", "{4D138F6F-BBBF-42E0-AA04-005EA1101B19}"
EndProject
Project("{FAE04EC0-301F-11D3-BF4B-00C04F79EFBC}") = "AWSEncryptionSDKTests", "..\test\AWSEncryptionSDKTests.csproj", "{34CE46C4-A579-45E4-B595-FBA105226134}"
EndProject
Global
	GlobalSection(SolutionConfigurationPlatforms) = preSolution
		Debug|Any CPU = Debug|Any CPU
		Release|Any CPU = Release|Any CPU
	EndGlobalSection
	GlobalSection(ProjectConfigurationPlatforms) = postSolution
		{16DD20CF-A8E9-4D32-97F4-79ECD3B7D3DB}.Debug|Any CPU.ActiveCfg = Debug|Any CPU
		{16DD20CF-A8E9-4D32-97F4-79ECD3B7D3DB}.Debug|Any CPU.Build.0 = Debug|Any CPU
		{16DD20CF-A8E9-4D32-97F4-79ECD3B7D3DB}.Release|Any CPU.ActiveCfg = Release|Any CPU
		{16DD20CF-A8E9-4D32-97F4-79ECD3B7D3DB}.Release|Any CPU.Build.0 = Release|Any CPU
		{088B46E4-C97A-40E7-8605-95247C0E0917}.Debug|Any CPU.ActiveCfg = Debug|Any CPU
		{088B46E4-C97A-40E7-8605-95247C0E0917}.Debug|Any CPU.Build.0 = Debug|Any CPU
		{088B46E4-C97A-40E7-8605-95247C0E0917}.Release|Any CPU.ActiveCfg = Release|Any CPU
		{088B46E4-C97A-40E7-8605-95247C0E0917}.Release|Any CPU.Build.0 = Release|Any CPU
		{E0A4AF29-B7B3-4A26-BF7C-7E28F6B03C86}.Debug|Any CPU.ActiveCfg = Debug|Any CPU
		{E0A4AF29-B7B3-4A26-BF7C-7E28F6B03C86}.Debug|Any CPU.Build.0 = Debug|Any CPU
		{E0A4AF29-B7B3-4A26-BF7C-7E28F6B03C86}.Release|Any CPU.ActiveCfg = Release|Any CPU
		{E0A4AF29-B7B3-4A26-BF7C-7E28F6B03C86}.Release|Any CPU.Build.0 = Release|Any CPU
		{9E92E1B8-02DE-4536-8DB7-7D9033C7A587}.Debug|Any CPU.ActiveCfg = Debug|Any CPU
		{9E92E1B8-02DE-4536-8DB7-7D9033C7A587}.Debug|Any CPU.Build.0 = Debug|Any CPU
		{9E92E1B8-02DE-4536-8DB7-7D9033C7A587}.Release|Any CPU.ActiveCfg = Release|Any CPU
		{9E92E1B8-02DE-4536-8DB7-7D9033C7A587}.Release|Any CPU.Build.0 = Release|Any CPU
		{AD9393D4-4C1E-4A9C-A1E1-98E7D3C699A3}.Debug|Any CPU.ActiveCfg = Debug|Any CPU
		{AD9393D4-4C1E-4A9C-A1E1-98E7D3C699A3}.Debug|Any CPU.Build.0 = Debug|Any CPU
		{AD9393D4-4C1E-4A9C-A1E1-98E7D3C699A3}.Release|Any CPU.ActiveCfg = Release|Any CPU
		{AD9393D4-4C1E-4A9C-A1E1-98E7D3C699A3}.Release|Any CPU.Build.0 = Release|Any CPU
		{0C49CEC5-6BB3-4268-ABDC-98D1917872F7}.Debug|Any CPU.ActiveCfg = Debug|Any CPU
		{0C49CEC5-6BB3-4268-ABDC-98D1917872F7}.Debug|Any CPU.Build.0 = Debug|Any CPU
		{0C49CEC5-6BB3-4268-ABDC-98D1917872F7}.Release|Any CPU.ActiveCfg = Release|Any CPU
		{0C49CEC5-6BB3-4268-ABDC-98D1917872F7}.Release|Any CPU.Build.0 = Release|Any CPU
		{4D138F6F-BBBF-42E0-AA04-005EA1101B19}.Debug|Any CPU.ActiveCfg = Debug|Any CPU
		{4D138F6F-BBBF-42E0-AA04-005EA1101B19}.Debug|Any CPU.Build.0 = Debug|Any CPU
		{4D138F6F-BBBF-42E0-AA04-005EA1101B19}.Release|Any CPU.ActiveCfg = Release|Any CPU
		{4D138F6F-BBBF-42E0-AA04-005EA1101B19}.Release|Any CPU.Build.0 = Release|Any CPU
		{34CE46C4-A579-45E4-B595-FBA105226134}.Debug|Any CPU.ActiveCfg = Debug|Any CPU
		{34CE46C4-A579-45E4-B595-FBA105226134}.Debug|Any CPU.Build.0 = Debug|Any CPU
		{34CE46C4-A579-45E4-B595-FBA105226134}.Release|Any CPU.ActiveCfg = Release|Any CPU
		{34CE46C4-A579-45E4-B595-FBA105226134}.Release|Any CPU.Build.0 = Release|Any CPU
	EndGlobalSection
EndGlobal
