
Microsoft Visual Studio Solution File, Format Version 12.00
Project("{FAE04EC0-301F-11D3-BF4B-00C04F79EFBC}") = "AWS-KMS", "AWS-KMS.csproj", "{61FC146E-FF9F-4FA5-AB14-6CF2CFE3A519}"
EndProject
Project("{FAE04EC0-301F-11D3-BF4B-00C04F79EFBC}") = "Test-AWS-KMS", "tests/Test-AWS-KMS.csproj", "{FF640AFC-F932-446E-9D17-A6A0725CAD07}"
EndProject
Project("{FAE04EC0-301F-11D3-BF4B-00C04F79EFBC}") = "STD", "..\..\..\StandardLibrary\runtimes\net\STD.csproj", "{300A887C-81D1-4D78-9EFC-9347C58CEEC5}"
EndProject
Global
	GlobalSection(SolutionConfigurationPlatforms) = preSolution
		Debug|Any CPU = Debug|Any CPU
		Release|Any CPU = Release|Any CPU
	EndGlobalSection
	GlobalSection(ProjectConfigurationPlatforms) = postSolution
		{61FC146E-FF9F-4FA5-AB14-6CF2CFE3A519}.Debug|Any CPU.ActiveCfg = Debug|Any CPU
		{61FC146E-FF9F-4FA5-AB14-6CF2CFE3A519}.Debug|Any CPU.Build.0 = Debug|Any CPU
		{61FC146E-FF9F-4FA5-AB14-6CF2CFE3A519}.Release|Any CPU.ActiveCfg = Release|Any CPU
		{61FC146E-FF9F-4FA5-AB14-6CF2CFE3A519}.Release|Any CPU.Build.0 = Release|Any CPU
		{FF640AFC-F932-446E-9D17-A6A0725CAD07}.Debug|Any CPU.ActiveCfg = Debug|Any CPU
		{FF640AFC-F932-446E-9D17-A6A0725CAD07}.Debug|Any CPU.Build.0 = Debug|Any CPU
		{FF640AFC-F932-446E-9D17-A6A0725CAD07}.Release|Any CPU.ActiveCfg = Release|Any CPU
		{FF640AFC-F932-446E-9D17-A6A0725CAD07}.Release|Any CPU.Build.0 = Release|Any CPU
		{300A887C-81D1-4D78-9EFC-9347C58CEEC5}.Debug|Any CPU.ActiveCfg = Debug|Any CPU
		{300A887C-81D1-4D78-9EFC-9347C58CEEC5}.Debug|Any CPU.Build.0 = Debug|Any CPU
		{300A887C-81D1-4D78-9EFC-9347C58CEEC5}.Release|Any CPU.ActiveCfg = Release|Any CPU
		{300A887C-81D1-4D78-9EFC-9347C58CEEC5}.Release|Any CPU.Build.0 = Release|Any CPU
	EndGlobalSection
EndGlobal
