
Microsoft Visual Studio Solution File, Format Version 12.00
EndProject
Project("{FAE04EC0-301F-11D3-BF4B-00C04F79EFBC}") = "TestVectors", "TestVectors.csproj", "{E32921CF-3B06-4BD0-9671-51EF0EA460CF}"
EndProject
Project("{FAE04EC0-301F-11D3-BF4B-00C04F79EFBC}") = "MPL", "..\..\..\AwsCryptographicMaterialProviders\runtimes\net\MPL.csproj", "{A72CD93D-09A9-4284-B886-C28F12FDF02D}"
EndProject
Project("{FAE04EC0-301F-11D3-BF4B-00C04F79EFBC}") = "STD", "..\..\..\StandardLibrary\runtimes\net\STD.csproj", "{68CA8909-C7DD-41D4-864D-DA0E8B50E17E}"
EndProject
Project("{FAE04EC0-301F-11D3-BF4B-00C04F79EFBC}") = "TestVectors-Tests", "tests\TestVectors-Tests.csproj", "{DEAFA5D7-DE23-4126-910F-9F8D5C86A080}"
EndProject
Global
	GlobalSection(SolutionConfigurationPlatforms) = preSolution
		Debug|Any CPU = Debug|Any CPU
		Release|Any CPU = Release|Any CPU
	EndGlobalSection
	GlobalSection(ProjectConfigurationPlatforms) = postSolution
		{A2FFB768-877F-418C-B869-BED3BA6E5E2F}.Debug|Any CPU.ActiveCfg = Debug|Any CPU
		{A2FFB768-877F-418C-B869-BED3BA6E5E2F}.Debug|Any CPU.Build.0 = Debug|Any CPU
		{A2FFB768-877F-418C-B869-BED3BA6E5E2F}.Release|Any CPU.ActiveCfg = Release|Any CPU
		{A2FFB768-877F-418C-B869-BED3BA6E5E2F}.Release|Any CPU.Build.0 = Release|Any CPU
		{2C7ABE68-88FC-4A72-81F8-CA7F6BCFA215}.Debug|Any CPU.ActiveCfg = Debug|Any CPU
		{2C7ABE68-88FC-4A72-81F8-CA7F6BCFA215}.Debug|Any CPU.Build.0 = Debug|Any CPU
		{2C7ABE68-88FC-4A72-81F8-CA7F6BCFA215}.Release|Any CPU.ActiveCfg = Release|Any CPU
		{2C7ABE68-88FC-4A72-81F8-CA7F6BCFA215}.Release|Any CPU.Build.0 = Release|Any CPU
		{86545530-90AF-460D-8BFE-1D799ADAB7AA}.Debug|Any CPU.ActiveCfg = Debug|Any CPU
		{86545530-90AF-460D-8BFE-1D799ADAB7AA}.Debug|Any CPU.Build.0 = Debug|Any CPU
		{86545530-90AF-460D-8BFE-1D799ADAB7AA}.Release|Any CPU.ActiveCfg = Release|Any CPU
		{86545530-90AF-460D-8BFE-1D799ADAB7AA}.Release|Any CPU.Build.0 = Release|Any CPU
		{39D0F095-AB0F-47CA-BE2A-AB8518734B6D}.Debug|Any CPU.ActiveCfg = Debug|Any CPU
		{39D0F095-AB0F-47CA-BE2A-AB8518734B6D}.Debug|Any CPU.Build.0 = Debug|Any CPU
		{39D0F095-AB0F-47CA-BE2A-AB8518734B6D}.Release|Any CPU.ActiveCfg = Release|Any CPU
		{39D0F095-AB0F-47CA-BE2A-AB8518734B6D}.Release|Any CPU.Build.0 = Release|Any CPU
		{E32921CF-3B06-4BD0-9671-51EF0EA460CF}.Debug|Any CPU.ActiveCfg = Debug|Any CPU
		{E32921CF-3B06-4BD0-9671-51EF0EA460CF}.Debug|Any CPU.Build.0 = Debug|Any CPU
		{E32921CF-3B06-4BD0-9671-51EF0EA460CF}.Release|Any CPU.ActiveCfg = Release|Any CPU
		{E32921CF-3B06-4BD0-9671-51EF0EA460CF}.Release|Any CPU.Build.0 = Release|Any CPU
		{A72CD93D-09A9-4284-B886-C28F12FDF02D}.Debug|Any CPU.ActiveCfg = Debug|Any CPU
		{A72CD93D-09A9-4284-B886-C28F12FDF02D}.Debug|Any CPU.Build.0 = Debug|Any CPU
		{A72CD93D-09A9-4284-B886-C28F12FDF02D}.Release|Any CPU.ActiveCfg = Release|Any CPU
		{A72CD93D-09A9-4284-B886-C28F12FDF02D}.Release|Any CPU.Build.0 = Release|Any CPU
		{68CA8909-C7DD-41D4-864D-DA0E8B50E17E}.Debug|Any CPU.ActiveCfg = Debug|Any CPU
		{68CA8909-C7DD-41D4-864D-DA0E8B50E17E}.Debug|Any CPU.Build.0 = Debug|Any CPU
		{68CA8909-C7DD-41D4-864D-DA0E8B50E17E}.Release|Any CPU.ActiveCfg = Release|Any CPU
		{68CA8909-C7DD-41D4-864D-DA0E8B50E17E}.Release|Any CPU.Build.0 = Release|Any CPU
		{DEAFA5D7-DE23-4126-910F-9F8D5C86A080}.Debug|Any CPU.ActiveCfg = Debug|Any CPU
		{DEAFA5D7-DE23-4126-910F-9F8D5C86A080}.Debug|Any CPU.Build.0 = Debug|Any CPU
		{DEAFA5D7-DE23-4126-910F-9F8D5C86A080}.Release|Any CPU.ActiveCfg = Release|Any CPU
		{DEAFA5D7-DE23-4126-910F-9F8D5C86A080}.Release|Any CPU.Build.0 = Release|Any CPU
	EndGlobalSection
EndGlobal
