
Microsoft Visual Studio Solution File, Format Version 12.00
Project("{FAE04EC0-301F-11D3-BF4B-00C04F79EFBC}") = "EncryptionSDK", "EncryptionSDK.csproj", "{168246A2-E0A7-4605-B3DD-48F15E2987EA}"
EndProject
Project("{FAE04EC0-301F-11D3-BF4B-00C04F79EFBC}") = "EncryptionSDKTests", "..\test\EncryptionSDKTests.csproj", "{CFD738FD-9BE3-45D0-8118-F823AB4AC68F}"
EndProject
Global
	GlobalSection(SolutionConfigurationPlatforms) = preSolution
		Debug|Any CPU = Debug|Any CPU
		Release|Any CPU = Release|Any CPU
	EndGlobalSection
	GlobalSection(ProjectConfigurationPlatforms) = postSolution
		{168246A2-E0A7-4605-B3DD-48F15E2987EA}.Debug|Any CPU.ActiveCfg = Debug|Any CPU
		{168246A2-E0A7-4605-B3DD-48F15E2987EA}.Debug|Any CPU.Build.0 = Debug|Any CPU
		{168246A2-E0A7-4605-B3DD-48F15E2987EA}.Release|Any CPU.ActiveCfg = Release|Any CPU
		{168246A2-E0A7-4605-B3DD-48F15E2987EA}.Release|Any CPU.Build.0 = Release|Any CPU
		{CFD738FD-9BE3-45D0-8118-F823AB4AC68F}.Debug|Any CPU.ActiveCfg = Debug|Any CPU
		{CFD738FD-9BE3-45D0-8118-F823AB4AC68F}.Debug|Any CPU.Build.0 = Debug|Any CPU
		{CFD738FD-9BE3-45D0-8118-F823AB4AC68F}.Release|Any CPU.ActiveCfg = Release|Any CPU
		{CFD738FD-9BE3-45D0-8118-F823AB4AC68F}.Release|Any CPU.Build.0 = Release|Any CPU
	EndGlobalSection
EndGlobal
