
Microsoft Visual Studio Solution File, Format Version 12.00
Project("{FAE04EC0-301F-11D3-BF4B-00C04F79EFBC}") = "STD", "STD.csproj", "{45F0DA01-7B9D-405D-92A4-CE948F1C0C50}"
EndProject
Global
	GlobalSection(SolutionConfigurationPlatforms) = preSolution
		Debug|Any CPU = Debug|Any CPU
		Release|Any CPU = Release|Any CPU
	EndGlobalSection
	GlobalSection(ProjectConfigurationPlatforms) = postSolution
		{A2FFB768-877F-418C-B869-BED3BA6E5E2F}.Debug|Any CPU.ActiveCfg = Debug|Any CPU
		{A2FFB768-877F-418C-B869-BED3BA6E5E2F}.Debug|Any CPU.Build.0 = Debug|Any CPU
		{A2FFB768-877F-418C-B869-BED3BA6E5E2F}.Release|Any CPU.ActiveCfg = Release|Any CPU
		{A2FFB768-877F-418C-B869-BED3BA6E5E2F}.Release|Any CPU.Build.0 = Release|Any CPU
		{45F0DA01-7B9D-405D-92A4-CE948F1C0C50}.Debug|Any CPU.ActiveCfg = Debug|Any CPU
		{45F0DA01-7B9D-405D-92A4-CE948F1C0C50}.Debug|Any CPU.Build.0 = Debug|Any CPU
		{45F0DA01-7B9D-405D-92A4-CE948F1C0C50}.Release|Any CPU.ActiveCfg = Release|Any CPU
		{45F0DA01-7B9D-405D-92A4-CE948F1C0C50}.Release|Any CPU.Build.0 = Release|Any CPU
	EndGlobalSection
EndGlobal
